{
  "name": "v0.3",
  "lockfileVersion": 2,
  "requires": true,
  "packages": {
    "": {
      "name": "v0.3",
      "dependencies": {
        "ci": "^2.1.1",
        "hls.js": "^1.1.5",
        "require": "^0.4.4",
        "require.js": "^1.0.0"
      }
    },
    "node_modules/ci": {
      "version": "2.1.1",
      "resolved": "https://registry.npmjs.org/ci/-/ci-2.1.1.tgz",
      "integrity": "sha512-StBCU1G9zbhgVBqvslvOpT601zme9YfyZaUSjgXCtfnIynPuDBHX85WwnXv5cnh74bYo8S3xfPpI41yk1jZmRw==",
      "bin": {
        "ci": "ci.js"
      },
      "funding": {
        "url": "https://github.com/privatenumber/ci?sponsor=1"
      }
    },
    "node_modules/hls.js": {
      "version": "1.1.5",
      "resolved": "https://registry.npmjs.org/hls.js/-/hls.js-1.1.5.tgz",
      "integrity": "sha512-mQX5TSNtJEzGo5HPpvcQgCu+BWoKDQM6YYtg/KbgWkmVAcqOCvSTi0SuqG2ZJLXxIzdnFcKU2z7Mrw/YQWhPOA=="
    },
    "node_modules/require": {
      "version": "0.4.4",
      "resolved": "https://registry.npmjs.org/require/-/require-0.4.4.tgz",
      "integrity": "sha1-AZk4Uoc4zFXr0ZRxMGsSnl61z+A=",
      "bin": {
        "require": "bin/require-command.js"
      },
      "engines": {
        "browsers": "*",
        "node": "*"
      }
    },
    "node_modules/require.js": {
      "version": "1.0.0",
      "resolved": "https://registry.npmjs.org/require.js/-/require.js-1.0.0.tgz",
      "integrity": "sha1-cfoyczZq9EJ7AmWiGL5eYu1PkMg="
    }
  },
  "dependencies": {
    "ci": {
      "version": "2.1.1",
      "resolved": "https://registry.npmjs.org/ci/-/ci-2.1.1.tgz",
      "integrity": "sha512-StBCU1G9zbhgVBqvslvOpT601zme9YfyZaUSjgXCtfnIynPuDBHX85WwnXv5cnh74bYo8S3xfPpI41yk1jZmRw=="
    },
    "hls.js": {
      "version": "1.1.5",
      "resolved": "https://registry.npmjs.org/hls.js/-/hls.js-1.1.5.tgz",
      "integrity": "sha512-mQX5TSNtJEzGo5HPpvcQgCu+BWoKDQM6YYtg/KbgWkmVAcqOCvSTi0SuqG2ZJLXxIzdnFcKU2z7Mrw/YQWhPOA=="
    },
    "require": {
      "version": "0.4.4",
      "resolved": "https://registry.npmjs.org/require/-/require-0.4.4.tgz",
      "integrity": "sha1-AZk4Uoc4zFXr0ZRxMGsSnl61z+A="
    },
    "require.js": {
      "version": "1.0.0",
      "resolved": "https://registry.npmjs.org/require.js/-/require.js-1.0.0.tgz",
      "integrity": "sha1-cfoyczZq9EJ7AmWiGL5eYu1PkMg="
    }
  }
}
